{
  "name": "mollermethod",
  "lockfileVersion": 2,
  "requires": true,
  "packages": {
    "": {
      "name": "mollermethod",
      "dependencies": {
        "@prettier/plugin-lua": "github:prettier/plugin-lua"
      },
      "devDependencies": {
        "prettier": "^2.4.1"
      }
    },
    "node_modules/@prettier/plugin-lua": {
      "version": "0.0.1",
      "resolved": "git+ssh://git@github.com/prettier/plugin-lua.git#63d45f57abe20828edda91d068fd957174bbada4",
      "license": "MIT",
      "dependencies": {
        "luaparse": "0.2.1"
      },
      "engines": {
        "node": ">=10.13.0"
      },
      "peerDependencies": {
        "prettier": ">=2.0.0"
      }
    },
    "node_modules/luaparse": {
      "version": "0.2.1",
      "resolved": "https://registry.npmjs.org/luaparse/-/luaparse-0.2.1.tgz",
      "integrity": "sha1-qo9WEysN6X0388mRqd9C4OF/ZWw=",
      "bin": {
        "luaparse": "bin/luaparse"
      }
    },
    "node_modules/prettier": {
      "version": "2.4.1",
      "resolved": "https://registry.npmjs.org/prettier/-/prettier-2.4.1.tgz",
      "integrity": "sha512-9fbDAXSBcc6Bs1mZrDYb3XKzDLm4EXXL9sC1LqKP5rZkT6KRr/rf9amVUcODVXgguK/isJz0d0hP72WeaKWsvA==",
      "bin": {
        "prettier": "bin-prettier.js"
      },
      "engines": {
        "node": ">=10.13.0"
      }
    }
  },
  "dependencies": {
    "@prettier/plugin-lua": {
      "version": "git+ssh://git@github.com/prettier/plugin-lua.git#63d45f57abe20828edda91d068fd957174bbada4",
      "from": "@prettier/plugin-lua@prettier/plugin-lua",
      "requires": {
        "luaparse": "0.2.1"
      }
    },
    "luaparse": {
      "version": "0.2.1",
      "resolved": "https://registry.npmjs.org/luaparse/-/luaparse-0.2.1.tgz",
      "integrity": "sha1-qo9WEysN6X0388mRqd9C4OF/ZWw="
    },
    "prettier": {
      "version": "2.4.1",
      "resolved": "https://registry.npmjs.org/prettier/-/prettier-2.4.1.tgz",
      "integrity": "sha512-9fbDAXSBcc6Bs1mZrDYb3XKzDLm4EXXL9sC1LqKP5rZkT6KRr/rf9amVUcODVXgguK/isJz0d0hP72WeaKWsvA=="
    }
  }
}
